// !$*UTF8*$!
{
	archiveVersion = 1;
	classes = {
	};
	objectVersion = 56;
	objects = {

/* Begin PBXBuildFile section */
		3A2E075B2AAF63CA0034586F /* DetailViewController.swift in Sources */ = {isa = PBXBuildFile; fileRef = 3A2E075A2AAF63CA0034586F /* DetailViewController.swift */; };
		3A2E075E2AAFC1BB0034586F /* Nuke in Frameworks */ = {isa = PBXBuildFile; productRef = 3A2E075D2AAFC1BB0034586F /* Nuke */; };
		3AB3E6D02AAB8B0C00E15826 /* AppDelegate.swift in Sources */ = {isa = PBXBuildFile; fileRef = 3AB3E6CF2AAB8B0C00E15826 /* AppDelegate.swift */; };
		3AB3E6D22AAB8B0C00E15826 /* SceneDelegate.swift in Sources */ = {isa = PBXBuildFile; fileRef = 3AB3E6D12AAB8B0C00E15826 /* SceneDelegate.swift */; };
		3AB3E6D42AAB8B0C00E15826 /* MoviesViewController.swift in Sources */ = {isa = PBXBuildFile; fileRef = 3AB3E6D32AAB8B0C00E15826 /* MoviesViewController.swift */; };
		3AB3E6D72AAB8B0C00E15826 /* Main.storyboard in Resources */ = {isa = PBXBuildFile; fileRef = 3AB3E6D52AAB8B0C00E15826 /* Main.storyboard */; };
		3AB3E6D92AAB8B0D00E15826 /* Assets.xcassets in Resources */ = {isa = PBXBuildFile; fileRef = 3AB3E6D82AAB8B0D00E15826 /* Assets.xcassets */; };
		3AB3E6DC2AAB8B0D00E15826 /* LaunchScreen.storyboard in Resources */ = {isa = PBXBuildFile; fileRef = 3AB3E6DA2AAB8B0D00E15826 /* LaunchScreen.storyboard */; };
		3AB3E6ED2AAB8FC900E15826 /* Movie.swift in Sources */ = {isa = PBXBuildFile; fileRef = 3AB3E6EC2AAB8FC900E15826 /* Movie.swift */; };
		3AB3E6EF2AABBA3500E15826 /* MovieCell.swift in Sources */ = {isa = PBXBuildFile; fileRef = 3AB3E6EE2AABBA3500E15826 /* MovieCell.swift */; };
/* End PBXBuildFile section */

/* Begin PBXFileReference section */
		3A2E075A2AAF63CA0034586F /* DetailViewController.swift */ = {isa = PBXFileReference; lastKnownFileType = sourcecode.swift; path = DetailViewController.swift; sourceTree = "<group>"; };
		3AB3E6CC2AAB8B0C00E15826 /* Flixster.app */ = {isa = PBXFileReference; explicitFileType = wrapper.application; includeInIndex = 0; path = Flixster.app; sourceTree = BUILT_PRODUCTS_DIR; };
		3AB3E6CF2AAB8B0C00E15826 /* AppDelegate.swift */ = {isa = PBXFileReference; lastKnownFileType = sourcecode.swift; path = AppDelegate.swift; sourceTree = "<group>"; };
		3AB3E6D12AAB8B0C00E15826 /* SceneDelegate.swift */ = {isa = PBXFileReference; lastKnownFileType = sourcecode.swift; path = SceneDelegate.swift; sourceTree = "<group>"; };
		3AB3E6D32AAB8B0C00E15826 /* MoviesViewController.swift */ = {isa = PBXFileReference; lastKnownFileType = sourcecode.swift; path = MoviesViewController.swift; sourceTree = "<group>"; };
		3AB3E6D62AAB8B0C00E15826 /* Base */ = {isa = PBXFileReference; lastKnownFileType = file.storyboard; name = Base; path = Base.lproj/Main.storyboard; sourceTree = "<group>"; };
		3AB3E6D82AAB8B0D00E15826 /* Assets.xcassets */ = {isa = PBXFileReference; lastKnownFileType = folder.assetcatalog; path = Assets.xcassets; sourceTree = "<group>"; };
		3AB3E6DB2AAB8B0D00E15826 /* Base */ = {isa = PBXFileReference; lastKnownFileType = file.storyboard; name = Base; path = Base.lproj/LaunchScreen.storyboard; sourceTree = "<group>"; };
		3AB3E6DD2AAB8B0D00E15826 /* Info.plist */ = {isa = PBXFileReference; lastKnownFileType = text.plist.xml; path = Info.plist; sourceTree = "<group>"; };
		3AB3E6EC2AAB8FC900E15826 /* Movie.swift */ = {isa = PBXFileReference; lastKnownFileType = sourcecode.swift; path = Movie.swift; sourceTree = "<group>"; };
		3AB3E6EE2AABBA3500E15826 /* MovieCell.swift */ = {isa = PBXFileReference; lastKnownFileType = sourcecode.swift; path = MovieCell.swift; sourceTree = "<group>"; };
/* End PBXFileReference section */

/* Begin PBXFrameworksBuildPhase section */
		3AB3E6C92AAB8B0C00E15826 /* Frameworks */ = {
			isa = PBXFrameworksBuildPhase;
			buildActionMask = 2147483647;
			files = (
				3A2E075E2AAFC1BB0034586F /* Nuke in Frameworks */,
			);
			runOnlyForDeploymentPostprocessing = 0;
		};
/* End PBXFrameworksBuildPhase section */

/* Begin PBXGroup section */
		3AB3E6C32AAB8B0C00E15826 = {
			isa = PBXGroup;
			children = (
				3AB3E6CE2AAB8B0C00E15826 /* Flixster */,
				3AB3E6CD2AAB8B0C00E15826 /* Products */,
			);
			sourceTree = "<group>";
		};
		3AB3E6CD2AAB8B0C00E15826 /* Products */ = {
			isa = PBXGroup;
			children = (
				3AB3E6CC2AAB8B0C00E15826 /* Flixster.app */,
			);
			name = Products;
			sourceTree = "<group>";
		};
		3AB3E6CE2AAB8B0C00E15826 /* Flixster */ = {
			isa = PBXGroup;
			children = (
				3AB3E6CF2AAB8B0C00E15826 /* AppDelegate.swift */,
				3AB3E6D12AAB8B0C00E15826 /* SceneDelegate.swift */,
				3AB3E6D32AAB8B0C00E15826 /* MoviesViewController.swift */,
				3AB3E6EE2AABBA3500E15826 /* MovieCell.swift */,
				3AB3E6EC2AAB8FC900E15826 /* Movie.swift */,
				3AB3E6D52AAB8B0C00E15826 /* Main.storyboard */,
				3A2E075A2AAF63CA0034586F /* DetailViewController.swift */,
				3AB3E6D82AAB8B0D00E15826 /* Assets.xcassets */,
				3AB3E6DA2AAB8B0D00E15826 /* LaunchScreen.storyboard */,
				3AB3E6DD2AAB8B0D00E15826 /* Info.plist */,
			);
			path = Flixster;
			sourceTree = "<group>";
		};
/* End PBXGroup section */

/* Begin PBXNativeTarget section */
		3AB3E6CB2AAB8B0C00E15826 /* Flixster */ = {
			isa = PBXNativeTarget;
			buildConfigurationList = 3AB3E6E02AAB8B0D00E15826 /* Build configuration list for PBXNativeTarget "Flixster" */;
			buildPhases = (
				3AB3E6C82AAB8B0C00E15826 /* Sources */,
				3AB3E6C92AAB8B0C00E15826 /* Frameworks */,
				3AB3E6CA2AAB8B0C00E15826 /* Resources */,
			);
			buildRules = (
			);
			dependencies = (
			);
			name = Flixster;
			packageProductDependencies = (
				3A2E075D2AAFC1BB0034586F /* Nuke */,
			);
			productName = Flixster;
			productReference = 3AB3E6CC2AAB8B0C00E15826 /* Flixster.app */;
			productType = "com.apple.product-type.application";
		};
/* End PBXNativeTarget section */

/* Begin PBXProject section */
		3AB3E6C42AAB8B0C00E15826 /* Project object */ = {
			isa = PBXProject;
			attributes = {
				BuildIndependentTargetsInParallel = 1;
				LastSwiftUpdateCheck = 1430;
				LastUpgradeCheck = 1430;
				TargetAttributes = {
					3AB3E6CB2AAB8B0C00E15826 = {
						CreatedOnToolsVersion = 14.3.1;
					};
				};
			};
			buildConfigurationList = 3AB3E6C72AAB8B0C00E15826 /* Build configuration list for PBXProject "Flixster" */;
			compatibilityVersion = "Xcode 14.0";
			developmentRegion = en;
			hasScannedForEncodings = 0;
			knownRegions = (
				en,
				Base,
			);
			mainGroup = 3AB3E6C32AAB8B0C00E15826;
			packageReferences = (
				3A2E075C2AAFC1BB0034586F /* XCRemoteSwiftPackageReference "Nuke" */,
			);
			productRefGroup = 3AB3E6CD2AAB8B0C00E15826 /* Products */;
			projectDirPath = "";
			projectRoot = "";
			targets = (
				3AB3E6CB2AAB8B0C00E15826 /* Flixster */,
			);
		};
/* End PBXProject section */

/* Begin PBXResourcesBuildPhase section */
		3AB3E6CA2AAB8B0C00E15826 /* Resources */ = {
			isa = PBXResourcesBuildPhase;
			buildActionMask = 2147483647;
			files = (
				3AB3E6DC2AAB8B0D00E15826 /* LaunchScreen.storyboard in Resources */,
				3AB3E6D92AAB8B0D00E15826 /* Assets.xcassets in Resources */,
				3AB3E6D72AAB8B0C00E15826 /* Main.storyboard in Resources */,
			);
			runOnlyForDeploymentPostprocessing = 0;
		};
/* End PBXResourcesBuildPhase section */

/* Begin PBXSourcesBuildPhase section */
		3AB3E6C82AAB8B0C00E15826 /* Sources */ = {
			isa = PBXSourcesBuildPhase;
			buildActionMask = 2147483647;
			files = (
				3AB3E6D42AAB8B0C00E15826 /* MoviesViewController.swift in Sources */,
				3AB3E6D02AAB8B0C00E15826 /* AppDelegate.swift in Sources */,
				3AB3E6ED2AAB8FC900E15826 /* Movie.swift in Sources */,
				3A2E075B2AAF63CA0034586F /* DetailViewController.swift in Sources */,
				3AB3E6EF2AABBA3500E15826 /* MovieCell.swift in Sources */,
				3AB3E6D22AAB8B0C00E15826 /* SceneDelegate.swift in Sources */,
			);
			runOnlyForDeploymentPostprocessing = 0;
		};
/* End PBXSourcesBuildPhase section */

/* Begin PBXVariantGroup section */
		3AB3E6D52AAB8B0C00E15826 /* Main.storyboard */ = {
			isa = PBXVariantGroup;
			children = (
				3AB3E6D62AAB8B0C00E15826 /* Base */,
			);
			name = Main.storyboard;
			sourceTree = "<group>";
		};
		3AB3E6DA2AAB8B0D00E15826 /* LaunchScreen.storyboard */ = {
			isa = PBXVariantGroup;
			children = (
				3AB3E6DB2AAB8B0D00E15826 /* Base */,
			);
			name = LaunchScreen.storyboard;
			sourceTree = "<group>";
		};
/* End PBXVariantGroup section */

/* Begin XCBuildConfiguration section */
		3AB3E6DE2AAB8B0D00E15826 /* Debug */ = {
			isa = XCBuildConfiguration;
			buildSettings = {
				ALWAYS_SEARCH_USER_PATHS = NO;
				CLANG_ANALYZER_NONNULL = YES;
				CLANG_ANALYZER_NUMBER_OBJECT_CONVERSION = YES_AGGRESSIVE;
				CLANG_CXX_LANGUAGE_STANDARD = "gnu++20";
				CLANG_ENABLE_MODULES = YES;
				CLANG_ENABLE_OBJC_ARC = YES;
				CLANG_ENABLE_OBJC_WEAK = YES;
				CLANG_WARN_BLOCK_CAPTURE_AUTORELEASING = YES;
				CLANG_WARN_BOOL_CONVERSION = YES;
				CLANG_WARN_COMMA = YES;
				CLANG_WARN_CONSTANT_CONVERSION = YES;
				CLANG_WARN_DEPRECATED_OBJC_IMPLEMENTATIONS = YES;
				CLANG_WARN_DIRECT_OBJC_ISA_USAGE = YES_ERROR;
				CLANG_WARN_DOCUMENTATION_COMMENTS = YES;
				CLANG_WARN_EMPTY_BODY = YES;
				CLANG_WARN_ENUM_CONVERSION = YES;
				CLANG_WARN_INFINITE_RECURSION = YES;
				CLANG_WARN_INT_CONVERSION = YES;
				CLANG_WARN_NON_LITERAL_NULL_CONVERSION = YES;
				CLANG_WARN_OBJC_IMPLICIT_RETAIN_SELF = YES;
				CLANG_WARN_OBJC_LITERAL_CONVERSION = YES;
				CLANG_WARN_OBJC_ROOT_CLASS = YES_ERROR;
				CLANG_WARN_QUOTED_INCLUDE_IN_FRAMEWORK_HEADER = YES;
				CLANG_WARN_RANGE_LOOP_ANALYSIS = YES;
				CLANG_WARN_STRICT_PROTOTYPES = YES;
				CLANG_WARN_SUSPICIOUS_MOVE = YES;
				CLANG_WARN_UNGUARDED_AVAILABILITY = YES_AGGRESSIVE;
				CLANG_WARN_UNREACHABLE_CODE = YES;
				CLANG_WARN__DUPLICATE_METHOD_MATCH = YES;
				COPY_PHASE_STRIP = NO;
				DEBUG_INFORMATION_FORMAT = dwarf;
				ENABLE_STRICT_OBJC_MSGSEND = YES;
				ENABLE_TESTABILITY = YES;
				GCC_C_LANGUAGE_STANDARD = gnu11;
				GCC_DYNAMIC_NO_PIC = NO;
				GCC_NO_COMMON_BLOCKS = YES;
				GCC_OPTIMIZATION_LEVEL = 0;
				GCC_PREPROCESSOR_DEFINITIONS = (
					"DEBUG=1",
					"$(inherited)",
				);
				GCC_WARN_64_TO_32_BIT_CONVERSION = YES;
				GCC_WARN_ABOUT_RETURN_TYPE = YES_ERROR;
				GCC_WARN_UNDECLARED_SELECTOR = YES;
				GCC_WARN_UNINITIALIZED_AUTOS = YES_AGGRESSIVE;
				GCC_WARN_UNUSED_FUNCTION = YES;
				GCC_WARN_UNUSED_VARIABLE = YES;
				IPHONEOS_DEPLOYMENT_TARGET = 16.4;
				MTL_ENABLE_DEBUG_INFO = INCLUDE_SOURCE;
				MTL_FAST_MATH = YES;
				ONLY_ACTIVE_ARCH = YES;
				SDKROOT = iphoneos;
				SWIFT_ACTIVE_COMPILATION_CONDITIONS = DEBUG;
				SWIFT_OPTIMIZATION_LEVEL = "-Onone";
			};
			name = Debug;
		};
		3AB3E6DF2AAB8B0D00E15826 /* Release */ = {
			isa = XCBuildConfiguration;
			buildSettings = {
				ALWAYS_SEARCH_USER_PATHS = NO;
				CLANG_ANALYZER_NONNULL = YES;
				CLANG_ANALYZER_NUMBER_OBJECT_CONVERSION = YES_AGGRESSIVE;
				CLANG_CXX_LANGUAGE_STANDARD = "gnu++20";
				CLANG_ENABLE_MODULES = YES;
				CLANG_ENABLE_OBJC_ARC = YES;
				CLANG_ENABLE_OBJC_WEAK = YES;
				CLANG_WARN_BLOCK_CAPTURE_AUTORELEASING = YES;
				CLANG_WARN_BOOL_CONVERSION = YES;
				CLANG_WARN_COMMA = YES;
				CLANG_WARN_CONSTANT_CONVERSION = YES;
				CLANG_WARN_DEPRECATED_OBJC_IMPLEMENTATIONS = YES;
				CLANG_WARN_DIRECT_OBJC_ISA_USAGE = YES_ERROR;
				CLANG_WARN_DOCUMENTATION_COMMENTS = YES;
				CLANG_WARN_EMPTY_BODY = YES;
				CLANG_WARN_ENUM_CONVERSION = YES;
				CLANG_WARN_INFINITE_RECURSION = YES;
				CLANG_WARN_INT_CONVERSION = YES;
				CLANG_WARN_NON_LITERAL_NULL_CONVERSION = YES;
				CLANG_WARN_OBJC_IMPLICIT_RETAIN_SELF = YES;
				CLANG_WARN_OBJC_LITERAL_CONVERSION = YES;
				CLANG_WARN_OBJC_ROOT_CLASS = YES_ERROR;
				CLANG_WARN_QUOTED_INCLUDE_IN_FRAMEWORK_HEADER = YES;
				CLANG_WARN_RANGE_LOOP_ANALYSIS = YES;
				CLANG_WARN_STRICT_PROTOTYPES = YES;
				CLANG_WARN_SUSPICIOUS_MOVE = YES;
				CLANG_WARN_UNGUARDED_AVAILABILITY = YES_AGGRESSIVE;
				CLANG_WARN_UNREACHABLE_CODE = YES;
				CLANG_WARN__DUPLICATE_METHOD_MATCH = YES;
				COPY_PHASE_STRIP = NO;
				DEBUG_INFORMATION_FORMAT = "dwarf-with-dsym";
				ENABLE_NS_ASSERTIONS = NO;
				ENABLE_STRICT_OBJC_MSGSEND = YES;
				GCC_C_LANGUAGE_STANDARD = gnu11;
				GCC_NO_COMMON_BLOCKS = YES;
				GCC_WARN_64_TO_32_BIT_CONVERSION = YES;
				GCC_WARN_ABOUT_RETURN_TYPE = YES_ERROR;
				GCC_WARN_UNDECLARED_SELECTOR = YES;
				GCC_WARN_UNINITIALIZED_AUTOS = YES_AGGRESSIVE;
				GCC_WARN_UNUSED_FUNCTION = YES;
				GCC_WARN_UNUSED_VARIABLE = YES;
				IPHONEOS_DEPLOYMENT_TARGET = 16.4;
				MTL_ENABLE_DEBUG_INFO = NO;
				MTL_FAST_MATH = YES;
				SDKROOT = iphoneos;
				SWIFT_COMPILATION_MODE = wholemodule;
				SWIFT_OPTIMIZATION_LEVEL = "-O";
				VALIDATE_PRODUCT = YES;
			};
			name = Release;
		};
		3AB3E6E12AAB8B0D00E15826 /* Debug */ = {
			isa = XCBuildConfiguration;
			buildSettings = {
				ASSETCATALOG_COMPILER_APPICON_NAME = AppIcon;
				ASSETCATALOG_COMPILER_GLOBAL_ACCENT_COLOR_NAME = AccentColor;
				CODE_SIGN_STYLE = Automatic;
				CURRENT_PROJECT_VERSION = 1;
				GENERATE_INFOPLIST_FILE = YES;
				INFOPLIST_FILE = Flixster/Info.plist;
				INFOPLIST_KEY_UIApplicationSupportsIndirectInputEvents = YES;
				INFOPLIST_KEY_UILaunchStoryboardName = LaunchScreen;
				INFOPLIST_KEY_UIMainStoryboardFile = Main;
				INFOPLIST_KEY_UISupportedInterfaceOrientations_iPad = "UIInterfaceOrientationPortrait UIInterfaceOrientationPortraitUpsideDown UIInterfaceOrientationLandscapeLeft UIInterfaceOrientationLandscapeRight";
				INFOPLIST_KEY_UISupportedInterfaceOrientations_iPhone = "UIInterfaceOrientationPortrait UIInterfaceOrientationLandscapeLeft UIInterfaceOrientationLandscapeRight";
				LD_RUNPATH_SEARCH_PATHS = (
					"$(inherited)",
					"@executable_path/Frameworks",
				);
				MARKETING_VERSION = 1.0;
				PRODUCT_BUNDLE_IDENTIFIER = "Christopher-Anastasis.Flixster";
				PRODUCT_NAME = "$(TARGET_NAME)";
				SWIFT_EMIT_LOC_STRINGS = YES;
				SWIFT_VERSION = 5.0;
				TARGETED_DEVICE_FAMILY = "1,2";
			};
			name = Debug;
		};
		3AB3E6E22AAB8B0D00E15826 /* Release */ = {
			isa = XCBuildConfiguration;
			buildSettings = {
				ASSETCATALOG_COMPILER_APPICON_NAME = AppIcon;
				ASSETCATALOG_COMPILER_GLOBAL_ACCENT_COLOR_NAME = AccentColor;
				CODE_SIGN_STYLE = Automatic;
				CURRENT_PROJECT_VERSION = 1;
				GENERATE_INFOPLIST_FILE = YES;
				INFOPLIST_FILE = Flixster/Info.plist;
				INFOPLIST_KEY_UIApplicationSupportsIndirectInputEvents = YES;
				INFOPLIST_KEY_UILaunchStoryboardName = LaunchScreen;
				INFOPLIST_KEY_UIMainStoryboardFile = Main;
				INFOPLIST_KEY_UISupportedInterfaceOrientations_iPad = "UIInterfaceOrientationPortrait UIInterfaceOrientationPortraitUpsideDown UIInterfaceOrientationLandscapeLeft UIInterfaceOrientationLandscapeRight";
				INFOPLIST_KEY_UISupportedInterfaceOrientations_iPhone = "UIInterfaceOrientationPortrait UIInterfaceOrientationLandscapeLeft UIInterfaceOrientationLandscapeRight";
				LD_RUNPATH_SEARCH_PATHS = (
					"$(inherited)",
					"@executable_path/Frameworks",
				);
				MARKETING_VERSION = 1.0;
				PRODUCT_BUNDLE_IDENTIFIER = "Christopher-Anastasis.Flixster";
				PRODUCT_NAME = "$(TARGET_NAME)";
				SWIFT_EMIT_LOC_STRINGS = YES;
				SWIFT_VERSION = 5.0;
				TARGETED_DEVICE_FAMILY = "1,2";
			};
			name = Release;
		};
/* End XCBuildConfiguration section */

/* Begin XCConfigurationList section */
		3AB3E6C72AAB8B0C00E15826 /* Build configuration list for PBXProject "Flixster" */ = {
			isa = XCConfigurationList;
			buildConfigurations = (
				3AB3E6DE2AAB8B0D00E15826 /* Debug */,
				3AB3E6DF2AAB8B0D00E15826 /* Release */,
			);
			defaultConfigurationIsVisible = 0;
			defaultConfigurationName = Release;
		};
		3AB3E6E02AAB8B0D00E15826 /* Build configuration list for PBXNativeTarget "Flixster" */ = {
			isa = XCConfigurationList;
			buildConfigurations = (
				3AB3E6E12AAB8B0D00E15826 /* Debug */,
				3AB3E6E22AAB8B0D00E15826 /* Release */,
			);
			defaultConfigurationIsVisible = 0;
			defaultConfigurationName = Release;
		};
/* End XCConfigurationList section */

/* Begin XCRemoteSwiftPackageReference section */
		3A2E075C2AAFC1BB0034586F /* XCRemoteSwiftPackageReference "Nuke" */ = {
			isa = XCRemoteSwiftPackageReference;
			repositoryURL = "https://github.com/kean/Nuke.git";
			requirement = {
				kind = upToNextMajorVersion;
				minimumVersion = 10.0.0;
			};
		};
/* End XCRemoteSwiftPackageReference section */

/* Begin XCSwiftPackageProductDependency section */
		3A2E075D2AAFC1BB0034586F /* Nuke */ = {
			isa = XCSwiftPackageProductDependency;
			package = 3A2E075C2AAFC1BB0034586F /* XCRemoteSwiftPackageReference "Nuke" */;
			productName = Nuke;
		};
/* End XCSwiftPackageProductDependency section */
	};
	rootObject = 3AB3E6C42AAB8B0C00E15826 /* Project object */;
}
